schema: '2.0'
stages:
  L4S:
    cmd:
    - unzip -o data/raw/L4S.zip -d data/raw
    - python scripts/data_prepare_L4S.py --src data/raw/L4S --dst data/processed/L4S
    - python scripts/data_prepare_config.py --dataset data/processed/L4S
    - rm -rf data/raw/L4S
    deps:
    - path: data/raw/L4S.zip
      hash: md5
      md5: 18d206dfd8cc1d0433ed2129fef774ec
      size: 3071618518
    - path: scripts/data_prepare_L4S.py
      hash: md5
      md5: 8790803971f81a06fc9f93b3253e9e3b
      size: 2821
    outs:
    - path: data/processed/L4S
      hash: md5
      md5: 757a73364215b71076807eab4576b478.dir
      size: 154708981
      nfiles: 9689
  A19:
    cmd:
    - unzip -o data/raw/A19.zip -d data/raw
    - python scripts/data_prepare_split.py --src data/raw/A19 --dst data/interim/A19
    - python scripts/data_prepare_png.py --src data/interim/A19 --dst data/processed/A19
    - rm -rf data/interim/A19
    - python scripts/data_prepare_config.py --dataset data/processed/A19
    - rm -rf data/raw/A19
    deps:
    - path: data/raw/A19.zip
      hash: md5
      md5: 99042a65c2091849abdf96fa3e31bd2e
      size: 796881280
    - path: scripts/data_prepare_png.py
      hash: md5
      md5: 04075a5d9de08cb6786cb74875d6c775
      size: 2298
    - path: scripts/data_prepare_split.py
      hash: md5
      md5: 067023dd0e80ae12d1a8c96b229a5646
      size: 2013
    outs:
    - path: data/processed/A19
      hash: md5
      md5: 35ea1e133499f6b88a9114134d0552cc.dir
      size: 358068479
      nfiles: 1277
  Ischia:
    cmd:
    - unzip -o data/raw/Ischia.zip -d data/raw
    - python scripts/data_prepare_png.py --src data/raw/Ischia --dst data/processed/Ischia
    - python scripts/data_prepare_config.py --dataset data/processed/Ischia
    - rm -rf data/raw/Ischia
    deps:
    - path: data/raw/Ischia.zip
      hash: md5
      md5: 68a850c34710f4a07017d2299047b572
      size: 896340969
    - path: scripts/data_prepare_png.py
      hash: md5
      md5: 04075a5d9de08cb6786cb74875d6c775
      size: 2298
    outs:
    - path: data/processed/Ischia
      hash: md5
      md5: 8b25a98b9f3a651f180a66ff086c3c5d.dir
      size: 333284489
      nfiles: 1353
  land-anomalies:
    cmd:
    - unzip -o data/raw/land-anomalies.zip -d data/raw
    - python scripts/data_loo_stratify.py --source data/raw/land-anomalies --destination
      data/processed/land-anomalies --valid 2 --seed 1337
    deps:
    - path: data/raw/land-anomalies.zip
      hash: md5
      md5: 16a9f458bf6647fed6b57f51899e5fa6
      size: 15503875664
    - path: scripts/data_loo_stratify.py
      hash: md5
      md5: 1d6ad1d607ca4dd51cf2c2856bcf73e6
      size: 6006
    outs:
    - path: data/processed/land-anomalies
      hash: md5
      md5: 14dc12a1affe7407753ac4efce307404.dir
      size: 409590867023
      nfiles: 613426
